lockfileVersion: '9.0'

settings:
  autoInstallPeers: true
  excludeLinksFromLockfile: false

importers:

  .:
    dependencies:
      '@openai/agents':
        specifier: 0.18.0
        version: 0.18.0(ws@8.22.0)(zod@4.6.5)
      '@vercel/functions':
        specifier: 3.9.11
        version: 3.9.11(ws@8.22.0)
      exceljs:
        specifier: 4.4.0
        version: 4.4.0
      jszip:
        specifier: 3.10.1
        version: 3.10.1
      mammoth:
        specifier: 1.13.0
        version: 1.13.0
      pdf-lib:
        specifier: 1.17.1
        version: 1.17.1
      pdfkit:
        specifier: 0.17.2
        version: 0.17.2
      saxes:
        specifier: 6.0.0
        version: 6.0.0
      unpdf:
        specifier: 1.8.1
        version: 1.8.1
      zod:
        specifier: 4.6.5
        version: 4.6.5
    devDependencies:
      '@electric-sql/pglite':
        specifier: 0.3.14
        version: 0.3.14

packages:

  '@electric-sql/pglite@0.3.14':
    resolution: {integrity: sha512-3DB258dhqdsArOI1fIt7cb9RpUOgcDg5hXWVgVHAeqVQ/qxtFy605QKs4gx6mFq3jWsSPqDN8TgSEsqC3OfV9Q==}

  '@fast-csv/format@4.3.5':
    resolution: {integrity: sha512-8iRn6QF3I8Ak78lNAa+Gdl5MJJBM5vRHivFtMRUWINdevNo00K7OXxS2PshawLKTejVwieIlPmK5YlLu6w4u8A==}

  '@fast-csv/parse@4.3.6':
    resolution: {integrity: sha512-uRsLYksqpbDmWaSmzvJcuApSEe38+6NQZBUsuAyMZKqHxH0g1wcJgsKUvN3WC8tewaqFjBMMGrkHmC+T7k8LvA==}

  '@modelcontextprotocol/client@2.3.1':
    resolution: {integrity: sha512-mIGZXpHsjnZ6lD+gD/WCMpR5k8yVQQ8nNFH1N0Srf7AvnwTUMYD6pvTY8ng2+He5FfV7YMZLmrjL7cLa/cc3dQ==}
    engines: {node: '>=20'}

  '@modelcontextprotocol/core@2.3.1':
    resolution: {integrity: sha512-laVmIhPGpWi7rG9q+0UigblRN0Hws/Yjlb6qLFtVqryXVLkc4h+yN8z731POD2LnAGQlFe7/tXhUm7Bi0YB91g==}
    engines: {node: '>=20'}

  '@openai/agents-core@0.18.0':
    resolution: {integrity: sha512-EMhTxl1iHX+bH3gGUnkSxU8l+fw36/+mjsvZH7zP3MyPBZ/4Zqtjg9oILcbZCkcLvii/+M+4ckck3MMdrpcWRA==}
    peerDependencies:
      zod: ^4.0.0
    peerDependenciesMeta:
      zod:
        optional: true

  '@openai/agents-openai@0.18.0':
    resolution: {integrity: sha512-dBE5NNVbkhEIsjZLUDjA8Gr8U1wGN6LTdP7Su4mY1djcxtIBaojQ/bjbpDd0EyqD5OkNTu0ziYyUyyrIfIGurQ==}
    peerDependencies:
      zod: ^4.0.0

  '@openai/agents-realtime@0.18.0':
    resolution: {integrity: sha512-joIG5Vj1BKHxx9a+UwI+pPEuiGh0zhRecVb1yYMMKSW0Oho9ntPi1+LM7KpT2mwv6M9Y11XNtuoaseolFzxwBQ==}
    peerDependencies:
      zod: ^4.0.0

  '@openai/agents@0.18.0':
    resolution: {integrity: sha512-i0dIeN8PsqLfEgfMLrmpcJPvgltY2fUxr2+CftBCvX6g1GgWdoiCKpbf+labmJJPqwidN7HfXkgBszM2CHg/IA==}
    peerDependencies:
      zod: ^4.0.0

  '@pdf-lib/standard-fonts@1.0.0':
    resolution: {integrity: sha512-hU30BK9IUN/su0Mn9VdlVKsWBS6GyhVfqjwl1FjZN4TxP6cCw0jP2w7V3Hf5uX7M0AZJ16vey9yE0ny7Sa59ZA==}

  '@pdf-lib/upng@1.0.1':
    resolution: {integrity: sha512-dQK2FUMQtowVP00mtIksrlZhdFXQZPC+taih1q4CvPZ5vqdxR/LKBaFg0oAfzd1GlHZXXSPdQfzQnt+ViGvEIQ==}

  '@standard-schema/spec@1.1.0':
    resolution: {integrity: sha512-l2aFy5jALhniG5HgqrD6jXLi/rUWrKvqN/qJx6yoJsgKhblVd+iqqU4RCXavm/jPityDo5TCvKMnpjKnOriy0w==}
